// !$*UTF8*$!
{
	archiveVersion = 1;
	classes = {
	};
	objectVersion = 56;
	objects = {

/* Begin PBXBuildFile section */
		E52007822CD332E5003AF68C /* TapCalcApp.swift in Sources */ = {isa = PBXBuildFile; fileRef = E52007812CD332E5003AF68C /* TapCalcApp.swift */; };
		E52007842CD332E5003AF68C /* ContentView.swift in Sources */ = {isa = PBXBuildFile; fileRef = E52007832CD332E5003AF68C /* ContentView.swift */; };
		E52007862CD332E6003AF68C /* Assets.xcassets in Resources */ = {isa = PBXBuildFile; fileRef = E52007852CD332E6003AF68C /* Assets.xcassets */; };
		E52007892CD332E6003AF68C /* Preview Assets.xcassets in Resources */ = {isa = PBXBuildFile; fileRef = E52007882CD332E6003AF68C /* Preview Assets.xcassets */; };
		E52007932CD332E6003AF68C /* TapCalcTests.swift in Sources */ = {isa = PBXBuildFile; fileRef = E52007922CD332E6003AF68C /* TapCalcTests.swift */; };
		E520079D2CD332E6003AF68C /* TapCalcUITests.swift in Sources */ = {isa = PBXBuildFile; fileRef = E520079C2CD332E6003AF68C /* TapCalcUITests.swift */; };
		E520079F2CD332E6003AF68C /* TapCalcUITestsLaunchTests.swift in Sources */ = {isa = PBXBuildFile; fileRef = E520079E2CD332E6003AF68C /* TapCalcUITestsLaunchTests.swift */; };
		E52007AD2CD333A3003AF68C /* TitanOne-Regular.ttf in Resources */ = {isa = PBXBuildFile; fileRef = E52007AC2CD333A3003AF68C /* TitanOne-Regular.ttf */; };
		E52007AE2CD333A3003AF68C /* TitanOne-Regular.ttf in Resources */ = {isa = PBXBuildFile; fileRef = E52007AC2CD333A3003AF68C /* TitanOne-Regular.ttf */; };
		E52007AF2CD333A3003AF68C /* TitanOne-Regular.ttf in Resources */ = {isa = PBXBuildFile; fileRef = E52007AC2CD333A3003AF68C /* TitanOne-Regular.ttf */; };
		E52007B32CD3342B003AF68C /* MainModel.swift in Sources */ = {isa = PBXBuildFile; fileRef = E52007B22CD3342B003AF68C /* MainModel.swift */; };
		E52007B42CD3342B003AF68C /* MainModel.swift in Sources */ = {isa = PBXBuildFile; fileRef = E52007B22CD3342B003AF68C /* MainModel.swift */; };
		E52007B52CD3342B003AF68C /* MainModel.swift in Sources */ = {isa = PBXBuildFile; fileRef = E52007B22CD3342B003AF68C /* MainModel.swift */; };
		E52007B82CD3345B003AF68C /* Operations.swift in Sources */ = {isa = PBXBuildFile; fileRef = E52007B72CD3345B003AF68C /* Operations.swift */; };
		E52007B92CD3345B003AF68C /* Operations.swift in Sources */ = {isa = PBXBuildFile; fileRef = E52007B72CD3345B003AF68C /* Operations.swift */; };
		E52007BA2CD3345B003AF68C /* Operations.swift in Sources */ = {isa = PBXBuildFile; fileRef = E52007B72CD3345B003AF68C /* Operations.swift */; };
		E52007BC2CD3346B003AF68C /* DialPad.swift in Sources */ = {isa = PBXBuildFile; fileRef = E52007BB2CD3346B003AF68C /* DialPad.swift */; };
		E52007BD2CD3346B003AF68C /* DialPad.swift in Sources */ = {isa = PBXBuildFile; fileRef = E52007BB2CD3346B003AF68C /* DialPad.swift */; };
		E52007BE2CD3346B003AF68C /* DialPad.swift in Sources */ = {isa = PBXBuildFile; fileRef = E52007BB2CD3346B003AF68C /* DialPad.swift */; };
		E52007C12CD3349C003AF68C /* KeyPadView.swift in Sources */ = {isa = PBXBuildFile; fileRef = E52007C02CD3349C003AF68C /* KeyPadView.swift */; };
		E52007C22CD3349C003AF68C /* KeyPadView.swift in Sources */ = {isa = PBXBuildFile; fileRef = E52007C02CD3349C003AF68C /* KeyPadView.swift */; };
		E52007C32CD3349C003AF68C /* KeyPadView.swift in Sources */ = {isa = PBXBuildFile; fileRef = E52007C02CD3349C003AF68C /* KeyPadView.swift */; };
		E52007C52CD334B2003AF68C /* ButtonView.swift in Sources */ = {isa = PBXBuildFile; fileRef = E52007C42CD334B2003AF68C /* ButtonView.swift */; };
		E52007C62CD334B2003AF68C /* ButtonView.swift in Sources */ = {isa = PBXBuildFile; fileRef = E52007C42CD334B2003AF68C /* ButtonView.swift */; };
		E52007C72CD334B2003AF68C /* ButtonView.swift in Sources */ = {isa = PBXBuildFile; fileRef = E52007C42CD334B2003AF68C /* ButtonView.swift */; };
		E52007C92CD334CF003AF68C /* CalculatorScreenView.swift in Sources */ = {isa = PBXBuildFile; fileRef = E52007C82CD334CF003AF68C /* CalculatorScreenView.swift */; };
		E52007CA2CD334CF003AF68C /* CalculatorScreenView.swift in Sources */ = {isa = PBXBuildFile; fileRef = E52007C82CD334CF003AF68C /* CalculatorScreenView.swift */; };
		E52007CB2CD334CF003AF68C /* CalculatorScreenView.swift in Sources */ = {isa = PBXBuildFile; fileRef = E52007C82CD334CF003AF68C /* CalculatorScreenView.swift */; };
		E52007CD2CD334EC003AF68C /* ScreenShapeView.swift in Sources */ = {isa = PBXBuildFile; fileRef = E52007CC2CD334EC003AF68C /* ScreenShapeView.swift */; };
		E52007CE2CD334EC003AF68C /* ScreenShapeView.swift in Sources */ = {isa = PBXBuildFile; fileRef = E52007CC2CD334EC003AF68C /* ScreenShapeView.swift */; };
		E52007CF2CD334EC003AF68C /* ScreenShapeView.swift in Sources */ = {isa = PBXBuildFile; fileRef = E52007CC2CD334EC003AF68C /* ScreenShapeView.swift */; };
		E52007D12CD33549003AF68C /* empty.swift in Sources */ = {isa = PBXBuildFile; fileRef = E52007D02CD33549003AF68C /* empty.swift */; };
		E52007D22CD33549003AF68C /* empty.swift in Sources */ = {isa = PBXBuildFile; fileRef = E52007D02CD33549003AF68C /* empty.swift */; };
		E52007D32CD33549003AF68C /* empty.swift in Sources */ = {isa = PBXBuildFile; fileRef = E52007D02CD33549003AF68C /* empty.swift */; };
/* End PBXBuildFile section */

/* Begin PBXContainerItemProxy section */
		E520078F2CD332E6003AF68C /* PBXContainerItemProxy */ = {
			isa = PBXContainerItemProxy;
			containerPortal = E52007762CD332E5003AF68C /* Project object */;
			proxyType = 1;
			remoteGlobalIDString = E520077D2CD332E5003AF68C;
			remoteInfo = TapCalc;
		};
		E52007992CD332E6003AF68C /* PBXContainerItemProxy */ = {
			isa = PBXContainerItemProxy;
			containerPortal = E52007762CD332E5003AF68C /* Project object */;
			proxyType = 1;
			remoteGlobalIDString = E520077D2CD332E5003AF68C;
			remoteInfo = TapCalc;
		};
/* End PBXContainerItemProxy section */

/* Begin PBXFileReference section */
		E520077E2CD332E5003AF68C /* TapCalc.app */ = {isa = PBXFileReference; explicitFileType = wrapper.application; includeInIndex = 0; path = TapCalc.app; sourceTree = BUILT_PRODUCTS_DIR; };
		E52007812CD332E5003AF68C /* TapCalcApp.swift */ = {isa = PBXFileReference; lastKnownFileType = sourcecode.swift; path = TapCalcApp.swift; sourceTree = "<group>"; };
		E52007832CD332E5003AF68C /* ContentView.swift */ = {isa = PBXFileReference; lastKnownFileType = sourcecode.swift; path = ContentView.swift; sourceTree = "<group>"; };
		E52007852CD332E6003AF68C /* Assets.xcassets */ = {isa = PBXFileReference; lastKnownFileType = folder.assetcatalog; path = Assets.xcassets; sourceTree = "<group>"; };
		E52007882CD332E6003AF68C /* Preview Assets.xcassets */ = {isa = PBXFileReference; lastKnownFileType = folder.assetcatalog; path = "Preview Assets.xcassets"; sourceTree = "<group>"; };
		E520078E2CD332E6003AF68C /* TapCalcTests.xctest */ = {isa = PBXFileReference; explicitFileType = wrapper.cfbundle; includeInIndex = 0; path = TapCalcTests.xctest; sourceTree = BUILT_PRODUCTS_DIR; };
		E52007922CD332E6003AF68C /* TapCalcTests.swift */ = {isa = PBXFileReference; lastKnownFileType = sourcecode.swift; path = TapCalcTests.swift; sourceTree = "<group>"; };
		E52007982CD332E6003AF68C /* TapCalcUITests.xctest */ = {isa = PBXFileReference; explicitFileType = wrapper.cfbundle; includeInIndex = 0; path = TapCalcUITests.xctest; sourceTree = BUILT_PRODUCTS_DIR; };
		E520079C2CD332E6003AF68C /* TapCalcUITests.swift */ = {isa = PBXFileReference; lastKnownFileType = sourcecode.swift; path = TapCalcUITests.swift; sourceTree = "<group>"; };
		E520079E2CD332E6003AF68C /* TapCalcUITestsLaunchTests.swift */ = {isa = PBXFileReference; lastKnownFileType = sourcecode.swift; path = TapCalcUITestsLaunchTests.swift; sourceTree = "<group>"; };
		E52007AC2CD333A3003AF68C /* TitanOne-Regular.ttf */ = {isa = PBXFileReference; lastKnownFileType = file; path = "TitanOne-Regular.ttf"; sourceTree = "<group>"; };
		E52007B02CD333CB003AF68C /* Info.plist */ = {isa = PBXFileReference; lastKnownFileType = text.plist; path = Info.plist; sourceTree = "<group>"; };
		E52007B22CD3342B003AF68C /* MainModel.swift */ = {isa = PBXFileReference; lastKnownFileType = sourcecode.swift; path = MainModel.swift; sourceTree = "<group>"; };
		E52007B72CD3345B003AF68C /* Operations.swift */ = {isa = PBXFileReference; lastKnownFileType = sourcecode.swift; path = Operations.swift; sourceTree = "<group>"; };
		E52007BB2CD3346B003AF68C /* DialPad.swift */ = {isa = PBXFileReference; lastKnownFileType = sourcecode.swift; path = DialPad.swift; sourceTree = "<group>"; };
		E52007C02CD3349C003AF68C /* KeyPadView.swift */ = {isa = PBXFileReference; lastKnownFileType = sourcecode.swift; path = KeyPadView.swift; sourceTree = "<group>"; };
		E52007C42CD334B2003AF68C /* ButtonView.swift */ = {isa = PBXFileReference; lastKnownFileType = sourcecode.swift; path = ButtonView.swift; sourceTree = "<group>"; };
		E52007C82CD334CF003AF68C /* CalculatorScreenView.swift */ = {isa = PBXFileReference; lastKnownFileType = sourcecode.swift; path = CalculatorScreenView.swift; sourceTree = "<group>"; };
		E52007CC2CD334EC003AF68C /* ScreenShapeView.swift */ = {isa = PBXFileReference; lastKnownFileType = sourcecode.swift; path = ScreenShapeView.swift; sourceTree = "<group>"; };
		E52007D02CD33549003AF68C /* empty.swift */ = {isa = PBXFileReference; lastKnownFileType = sourcecode.swift; path = empty.swift; sourceTree = "<group>"; };
/* End PBXFileReference section */

/* Begin PBXFrameworksBuildPhase section */
		E520077B2CD332E5003AF68C /* Frameworks */ = {
			isa = PBXFrameworksBuildPhase;
			buildActionMask = 2147483647;
			files = (
			);
			runOnlyForDeploymentPostprocessing = 0;
		};
		E520078B2CD332E6003AF68C /* Frameworks */ = {
			isa = PBXFrameworksBuildPhase;
			buildActionMask = 2147483647;
			files = (
			);
			runOnlyForDeploymentPostprocessing = 0;
		};
		E52007952CD332E6003AF68C /* Frameworks */ = {
			isa = PBXFrameworksBuildPhase;
			buildActionMask = 2147483647;
			files = (
			);
			runOnlyForDeploymentPostprocessing = 0;
		};
/* End PBXFrameworksBuildPhase section */

/* Begin PBXGroup section */
		E52007752CD332E5003AF68C = {
			isa = PBXGroup;
			children = (
				E52007802CD332E5003AF68C /* TapCalc */,
				E52007912CD332E6003AF68C /* TapCalcTests */,
				E520079B2CD332E6003AF68C /* TapCalcUITests */,
				E520077F2CD332E5003AF68C /* Products */,
			);
			sourceTree = "<group>";
		};
		E520077F2CD332E5003AF68C /* Products */ = {
			isa = PBXGroup;
			children = (
				E520077E2CD332E5003AF68C /* TapCalc.app */,
				E520078E2CD332E6003AF68C /* TapCalcTests.xctest */,
				E52007982CD332E6003AF68C /* TapCalcUITests.xctest */,
			);
			name = Products;
			sourceTree = "<group>";
		};
		E52007802CD332E5003AF68C /* TapCalc */ = {
			isa = PBXGroup;
			children = (
				E52007B02CD333CB003AF68C /* Info.plist */,
				E52007AB2CD33361003AF68C /* Fonts */,
				E52007B12CD3340D003AF68C /* ViewModels */,
				E52007B62CD33444003AF68C /* Models */,
				E52007BF2CD3347E003AF68C /* Views */,
				E52007812CD332E5003AF68C /* TapCalcApp.swift */,
				E52007852CD332E6003AF68C /* Assets.xcassets */,
				E52007872CD332E6003AF68C /* Preview Content */,
			);
			path = TapCalc;
			sourceTree = "<group>";
		};
		E52007872CD332E6003AF68C /* Preview Content */ = {
			isa = PBXGroup;
			children = (
				E52007882CD332E6003AF68C /* Preview Assets.xcassets */,
			);
			path = "Preview Content";
			sourceTree = "<group>";
		};
		E52007912CD332E6003AF68C /* TapCalcTests */ = {
			isa = PBXGroup;
			children = (
				E52007922CD332E6003AF68C /* TapCalcTests.swift */,
			);
			path = TapCalcTests;
			sourceTree = "<group>";
		};
		E520079B2CD332E6003AF68C /* TapCalcUITests */ = {
			isa = PBXGroup;
			children = (
				E520079C2CD332E6003AF68C /* TapCalcUITests.swift */,
				E520079E2CD332E6003AF68C /* TapCalcUITestsLaunchTests.swift */,
			);
			path = TapCalcUITests;
			sourceTree = "<group>";
		};
		E52007AB2CD33361003AF68C /* Fonts */ = {
			isa = PBXGroup;
			children = (
				E52007AC2CD333A3003AF68C /* TitanOne-Regular.ttf */,
			);
			path = Fonts;
			sourceTree = "<group>";
		};
		E52007B12CD3340D003AF68C /* ViewModels */ = {
			isa = PBXGroup;
			children = (
				E52007B22CD3342B003AF68C /* MainModel.swift */,
			);
			path = ViewModels;
			sourceTree = "<group>";
		};
		E52007B62CD33444003AF68C /* Models */ = {
			isa = PBXGroup;
			children = (
				E52007B72CD3345B003AF68C /* Operations.swift */,
				E52007BB2CD3346B003AF68C /* DialPad.swift */,
			);
			path = Models;
			sourceTree = "<group>";
		};
		E52007BF2CD3347E003AF68C /* Views */ = {
			isa = PBXGroup;
			children = (
				E52007C02CD3349C003AF68C /* KeyPadView.swift */,
				E52007C42CD334B2003AF68C /* ButtonView.swift */,
				E52007C82CD334CF003AF68C /* CalculatorScreenView.swift */,
				E52007CC2CD334EC003AF68C /* ScreenShapeView.swift */,
				E52007832CD332E5003AF68C /* ContentView.swift */,
				E52007D02CD33549003AF68C /* empty.swift */,
			);
			path = Views;
			sourceTree = "<group>";
		};
/* End PBXGroup section */

/* Begin PBXNativeTarget section */
		E520077D2CD332E5003AF68C /* TapCalc */ = {
			isa = PBXNativeTarget;
			buildConfigurationList = E52007A22CD332E6003AF68C /* Build configuration list for PBXNativeTarget "TapCalc" */;
			buildPhases = (
				E520077A2CD332E5003AF68C /* Sources */,
				E520077B2CD332E5003AF68C /* Frameworks */,
				E520077C2CD332E5003AF68C /* Resources */,
			);
			buildRules = (
			);
			dependencies = (
			);
			name = TapCalc;
			productName = TapCalc;
			productReference = E520077E2CD332E5003AF68C /* TapCalc.app */;
			productType = "com.apple.product-type.application";
		};
		E520078D2CD332E6003AF68C /* TapCalcTests */ = {
			isa = PBXNativeTarget;
			buildConfigurationList = E52007A52CD332E6003AF68C /* Build configuration list for PBXNativeTarget "TapCalcTests" */;
			buildPhases = (
				E520078A2CD332E6003AF68C /* Sources */,
				E520078B2CD332E6003AF68C /* Frameworks */,
				E520078C2CD332E6003AF68C /* Resources */,
			);
			buildRules = (
			);
			dependencies = (
				E52007902CD332E6003AF68C /* PBXTargetDependency */,
			);
			name = TapCalcTests;
			productName = TapCalcTests;
			productReference = E520078E2CD332E6003AF68C /* TapCalcTests.xctest */;
			productType = "com.apple.product-type.bundle.unit-test";
		};
		E52007972CD332E6003AF68C /* TapCalcUITests */ = {
			isa = PBXNativeTarget;
			buildConfigurationList = E52007A82CD332E6003AF68C /* Build configuration list for PBXNativeTarget "TapCalcUITests" */;
			buildPhases = (
				E52007942CD332E6003AF68C /* Sources */,
				E52007952CD332E6003AF68C /* Frameworks */,
				E52007962CD332E6003AF68C /* Resources */,
			);
			buildRules = (
			);
			dependencies = (
				E520079A2CD332E6003AF68C /* PBXTargetDependency */,
			);
			name = TapCalcUITests;
			productName = TapCalcUITests;
			productReference = E52007982CD332E6003AF68C /* TapCalcUITests.xctest */;
			productType = "com.apple.product-type.bundle.ui-testing";
		};
/* End PBXNativeTarget section */

/* Begin PBXProject section */
		E52007762CD332E5003AF68C /* Project object */ = {
			isa = PBXProject;
			attributes = {
				BuildIndependentTargetsInParallel = 1;
				LastSwiftUpdateCheck = 1530;
				LastUpgradeCheck = 1530;
				TargetAttributes = {
					E520077D2CD332E5003AF68C = {
						CreatedOnToolsVersion = 15.3;
					};
					E520078D2CD332E6003AF68C = {
						CreatedOnToolsVersion = 15.3;
						TestTargetID = E520077D2CD332E5003AF68C;
					};
					E52007972CD332E6003AF68C = {
						CreatedOnToolsVersion = 15.3;
						TestTargetID = E520077D2CD332E5003AF68C;
					};
				};
			};
			buildConfigurationList = E52007792CD332E5003AF68C /* Build configuration list for PBXProject "TapCalc" */;
			compatibilityVersion = "Xcode 14.0";
			developmentRegion = en;
			hasScannedForEncodings = 0;
			knownRegions = (
				en,
				Base,
			);
			mainGroup = E52007752CD332E5003AF68C;
			productRefGroup = E520077F2CD332E5003AF68C /* Products */;
			projectDirPath = "";
			projectRoot = "";
			targets = (
				E520077D2CD332E5003AF68C /* TapCalc */,
				E520078D2CD332E6003AF68C /* TapCalcTests */,
				E52007972CD332E6003AF68C /* TapCalcUITests */,
			);
		};
/* End PBXProject section */

/* Begin PBXResourcesBuildPhase section */
		E520077C2CD332E5003AF68C /* Resources */ = {
			isa = PBXResourcesBuildPhase;
			buildActionMask = 2147483647;
			files = (
				E52007892CD332E6003AF68C /* Preview Assets.xcassets in Resources */,
				E52007AD2CD333A3003AF68C /* TitanOne-Regular.ttf in Resources */,
				E52007862CD332E6003AF68C /* Assets.xcassets in Resources */,
			);
			runOnlyForDeploymentPostprocessing = 0;
		};
		E520078C2CD332E6003AF68C /* Resources */ = {
			isa = PBXResourcesBuildPhase;
			buildActionMask = 2147483647;
			files = (
				E52007AE2CD333A3003AF68C /* TitanOne-Regular.ttf in Resources */,
			);
			runOnlyForDeploymentPostprocessing = 0;
		};
		E52007962CD332E6003AF68C /* Resources */ = {
			isa = PBXResourcesBuildPhase;
			buildActionMask = 2147483647;
			files = (
				E52007AF2CD333A3003AF68C /* TitanOne-Regular.ttf in Resources */,
			);
			runOnlyForDeploymentPostprocessing = 0;
		};
/* End PBXResourcesBuildPhase section */

/* Begin PBXSourcesBuildPhase section */
		E520077A2CD332E5003AF68C /* Sources */ = {
			isa = PBXSourcesBuildPhase;
			buildActionMask = 2147483647;
			files = (
				E52007842CD332E5003AF68C /* ContentView.swift in Sources */,
				E52007D12CD33549003AF68C /* empty.swift in Sources */,
				E52007CD2CD334EC003AF68C /* ScreenShapeView.swift in Sources */,
				E52007822CD332E5003AF68C /* TapCalcApp.swift in Sources */,
				E52007C92CD334CF003AF68C /* CalculatorScreenView.swift in Sources */,
				E52007B32CD3342B003AF68C /* MainModel.swift in Sources */,
				E52007B82CD3345B003AF68C /* Operations.swift in Sources */,
				E52007C12CD3349C003AF68C /* KeyPadView.swift in Sources */,
				E52007BC2CD3346B003AF68C /* DialPad.swift in Sources */,
				E52007C52CD334B2003AF68C /* ButtonView.swift in Sources */,
			);
			runOnlyForDeploymentPostprocessing = 0;
		};
		E520078A2CD332E6003AF68C /* Sources */ = {
			isa = PBXSourcesBuildPhase;
			buildActionMask = 2147483647;
			files = (
				E52007B92CD3345B003AF68C /* Operations.swift in Sources */,
				E52007B42CD3342B003AF68C /* MainModel.swift in Sources */,
				E52007CA2CD334CF003AF68C /* CalculatorScreenView.swift in Sources */,
				E52007C62CD334B2003AF68C /* ButtonView.swift in Sources */,
				E52007CE2CD334EC003AF68C /* ScreenShapeView.swift in Sources */,
				E52007D22CD33549003AF68C /* empty.swift in Sources */,
				E52007C22CD3349C003AF68C /* KeyPadView.swift in Sources */,
				E52007932CD332E6003AF68C /* TapCalcTests.swift in Sources */,
				E52007BD2CD3346B003AF68C /* DialPad.swift in Sources */,
			);
			runOnlyForDeploymentPostprocessing = 0;
		};
		E52007942CD332E6003AF68C /* Sources */ = {
			isa = PBXSourcesBuildPhase;
			buildActionMask = 2147483647;
			files = (
				E520079D2CD332E6003AF68C /* TapCalcUITests.swift in Sources */,
				E52007D32CD33549003AF68C /* empty.swift in Sources */,
				E52007CF2CD334EC003AF68C /* ScreenShapeView.swift in Sources */,
				E520079F2CD332E6003AF68C /* TapCalcUITestsLaunchTests.swift in Sources */,
				E52007CB2CD334CF003AF68C /* CalculatorScreenView.swift in Sources */,
				E52007B52CD3342B003AF68C /* MainModel.swift in Sources */,
				E52007BA2CD3345B003AF68C /* Operations.swift in Sources */,
				E52007C32CD3349C003AF68C /* KeyPadView.swift in Sources */,
				E52007BE2CD3346B003AF68C /* DialPad.swift in Sources */,
				E52007C72CD334B2003AF68C /* ButtonView.swift in Sources */,
			);
			runOnlyForDeploymentPostprocessing = 0;
		};
/* End PBXSourcesBuildPhase section */

/* Begin PBXTargetDependency section */
		E52007902CD332E6003AF68C /* PBXTargetDependency */ = {
			isa = PBXTargetDependency;
			target = E520077D2CD332E5003AF68C /* TapCalc */;
			targetProxy = E520078F2CD332E6003AF68C /* PBXContainerItemProxy */;
		};
		E520079A2CD332E6003AF68C /* PBXTargetDependency */ = {
			isa = PBXTargetDependency;
			target = E520077D2CD332E5003AF68C /* TapCalc */;
			targetProxy = E52007992CD332E6003AF68C /* PBXContainerItemProxy */;
		};
/* End PBXTargetDependency section */

/* Begin XCBuildConfiguration section */
		E52007A02CD332E6003AF68C /* Debug */ = {
			isa = XCBuildConfiguration;
			buildSettings = {
				ALWAYS_SEARCH_USER_PATHS = NO;
				ASSETCATALOG_COMPILER_GENERATE_SWIFT_ASSET_SYMBOL_EXTENSIONS = YES;
				CLANG_ANALYZER_NONNULL = YES;
				CLANG_ANALYZER_NUMBER_OBJECT_CONVERSION = YES_AGGRESSIVE;
				CLANG_CXX_LANGUAGE_STANDARD = "gnu++20";
				CLANG_ENABLE_MODULES = YES;
				CLANG_ENABLE_OBJC_ARC = YES;
				CLANG_ENABLE_OBJC_WEAK = YES;
				CLANG_WARN_BLOCK_CAPTURE_AUTORELEASING = YES;
				CLANG_WARN_BOOL_CONVERSION = YES;
				CLANG_WARN_COMMA = YES;
				CLANG_WARN_CONSTANT_CONVERSION = YES;
				CLANG_WARN_DEPRECATED_OBJC_IMPLEMENTATIONS = YES;
				CLANG_WARN_DIRECT_OBJC_ISA_USAGE = YES_ERROR;
				CLANG_WARN_DOCUMENTATION_COMMENTS = YES;
				CLANG_WARN_EMPTY_BODY = YES;
				CLANG_WARN_ENUM_CONVERSION = YES;
				CLANG_WARN_INFINITE_RECURSION = YES;
				CLANG_WARN_INT_CONVERSION = YES;
				CLANG_WARN_NON_LITERAL_NULL_CONVERSION = YES;
				CLANG_WARN_OBJC_IMPLICIT_RETAIN_SELF = YES;
				CLANG_WARN_OBJC_LITERAL_CONVERSION = YES;
				CLANG_WARN_OBJC_ROOT_CLASS = YES_ERROR;
				CLANG_WARN_QUOTED_INCLUDE_IN_FRAMEWORK_HEADER = YES;
				CLANG_WARN_RANGE_LOOP_ANALYSIS = YES;
				CLANG_WARN_STRICT_PROTOTYPES = YES;
				CLANG_WARN_SUSPICIOUS_MOVE = YES;
				CLANG_WARN_UNGUARDED_AVAILABILITY = YES_AGGRESSIVE;
				CLANG_WARN_UNREACHABLE_CODE = YES;
				CLANG_WARN__DUPLICATE_METHOD_MATCH = YES;
				COPY_PHASE_STRIP = NO;
				DEBUG_INFORMATION_FORMAT = dwarf;
				ENABLE_STRICT_OBJC_MSGSEND = YES;
				ENABLE_TESTABILITY = YES;
				ENABLE_USER_SCRIPT_SANDBOXING = YES;
				GCC_C_LANGUAGE_STANDARD = gnu17;
				GCC_DYNAMIC_NO_PIC = NO;
				GCC_NO_COMMON_BLOCKS = YES;
				GCC_OPTIMIZATION_LEVEL = 0;
				GCC_PREPROCESSOR_DEFINITIONS = (
					"DEBUG=1",
					"$(inherited)",
				);
				GCC_WARN_64_TO_32_BIT_CONVERSION = YES;
				GCC_WARN_ABOUT_RETURN_TYPE = YES_ERROR;
				GCC_WARN_UNDECLARED_SELECTOR = YES;
				GCC_WARN_UNINITIALIZED_AUTOS = YES_AGGRESSIVE;
				GCC_WARN_UNUSED_FUNCTION = YES;
				GCC_WARN_UNUSED_VARIABLE = YES;
				IPHONEOS_DEPLOYMENT_TARGET = 17.4;
				LOCALIZATION_PREFERS_STRING_CATALOGS = YES;
				MTL_ENABLE_DEBUG_INFO = INCLUDE_SOURCE;
				MTL_FAST_MATH = YES;
				ONLY_ACTIVE_ARCH = YES;
				SDKROOT = iphoneos;
				SWIFT_ACTIVE_COMPILATION_CONDITIONS = "DEBUG $(inherited)";
				SWIFT_OPTIMIZATION_LEVEL = "-Onone";
			};
			name = Debug;
		};
		E52007A12CD332E6003AF68C /* Release */ = {
			isa = XCBuildConfiguration;
			buildSettings = {
				ALWAYS_SEARCH_USER_PATHS = NO;
				ASSETCATALOG_COMPILER_GENERATE_SWIFT_ASSET_SYMBOL_EXTENSIONS = YES;
				CLANG_ANALYZER_NONNULL = YES;
				CLANG_ANALYZER_NUMBER_OBJECT_CONVERSION = YES_AGGRESSIVE;
				CLANG_CXX_LANGUAGE_STANDARD = "gnu++20";
				CLANG_ENABLE_MODULES = YES;
				CLANG_ENABLE_OBJC_ARC = YES;
				CLANG_ENABLE_OBJC_WEAK = YES;
				CLANG_WARN_BLOCK_CAPTURE_AUTORELEASING = YES;
				CLANG_WARN_BOOL_CONVERSION = YES;
				CLANG_WARN_COMMA = YES;
				CLANG_WARN_CONSTANT_CONVERSION = YES;
				CLANG_WARN_DEPRECATED_OBJC_IMPLEMENTATIONS = YES;
				CLANG_WARN_DIRECT_OBJC_ISA_USAGE = YES_ERROR;
				CLANG_WARN_DOCUMENTATION_COMMENTS = YES;
				CLANG_WARN_EMPTY_BODY = YES;
				CLANG_WARN_ENUM_CONVERSION = YES;
				CLANG_WARN_INFINITE_RECURSION = YES;
				CLANG_WARN_INT_CONVERSION = YES;
				CLANG_WARN_NON_LITERAL_NULL_CONVERSION = YES;
				CLANG_WARN_OBJC_IMPLICIT_RETAIN_SELF = YES;
				CLANG_WARN_OBJC_LITERAL_CONVERSION = YES;
				CLANG_WARN_OBJC_ROOT_CLASS = YES_ERROR;
				CLANG_WARN_QUOTED_INCLUDE_IN_FRAMEWORK_HEADER = YES;
				CLANG_WARN_RANGE_LOOP_ANALYSIS = YES;
				CLANG_WARN_STRICT_PROTOTYPES = YES;
				CLANG_WARN_SUSPICIOUS_MOVE = YES;
				CLANG_WARN_UNGUARDED_AVAILABILITY = YES_AGGRESSIVE;
				CLANG_WARN_UNREACHABLE_CODE = YES;
				CLANG_WARN__DUPLICATE_METHOD_MATCH = YES;
				COPY_PHASE_STRIP = NO;
				DEBUG_INFORMATION_FORMAT = "dwarf-with-dsym";
				ENABLE_NS_ASSERTIONS = NO;
				ENABLE_STRICT_OBJC_MSGSEND = YES;
				ENABLE_USER_SCRIPT_SANDBOXING = YES;
				GCC_C_LANGUAGE_STANDARD = gnu17;
				GCC_NO_COMMON_BLOCKS = YES;
				GCC_WARN_64_TO_32_BIT_CONVERSION = YES;
				GCC_WARN_ABOUT_RETURN_TYPE = YES_ERROR;
				GCC_WARN_UNDECLARED_SELECTOR = YES;
				GCC_WARN_UNINITIALIZED_AUTOS = YES_AGGRESSIVE;
				GCC_WARN_UNUSED_FUNCTION = YES;
				GCC_WARN_UNUSED_VARIABLE = YES;
				IPHONEOS_DEPLOYMENT_TARGET = 17.4;
				LOCALIZATION_PREFERS_STRING_CATALOGS = YES;
				MTL_ENABLE_DEBUG_INFO = NO;
				MTL_FAST_MATH = YES;
				SDKROOT = iphoneos;
				SWIFT_COMPILATION_MODE = wholemodule;
				VALIDATE_PRODUCT = YES;
			};
			name = Release;
		};
		E52007A32CD332E6003AF68C /* Debug */ = {
			isa = XCBuildConfiguration;
			buildSettings = {
				ASSETCATALOG_COMPILER_APPICON_NAME = AppIcon;
				ASSETCATALOG_COMPILER_GLOBAL_ACCENT_COLOR_NAME = AccentColor;
				CODE_SIGN_STYLE = Automatic;
				CURRENT_PROJECT_VERSION = 1;
				DEVELOPMENT_ASSET_PATHS = "\"TapCalc/Preview Content\"";
				DEVELOPMENT_TEAM = MJX43B6NRW;
				ENABLE_PREVIEWS = YES;
				GENERATE_INFOPLIST_FILE = YES;
				INFOPLIST_FILE = TapCalc/Info.plist;
				INFOPLIST_KEY_UIApplicationSceneManifest_Generation = YES;
				INFOPLIST_KEY_UIApplicationSupportsIndirectInputEvents = YES;
				INFOPLIST_KEY_UILaunchScreen_Generation = YES;
				INFOPLIST_KEY_UIRequiresFullScreen = YES;
				INFOPLIST_KEY_UISupportedInterfaceOrientations = UIInterfaceOrientationPortrait;
				LD_RUNPATH_SEARCH_PATHS = (
					"$(inherited)",
					"@executable_path/Frameworks",
				);
				MARKETING_VERSION = 0.1;
				PRODUCT_BUNDLE_IDENTIFIER = None.TapCalc;
				PRODUCT_NAME = "$(TARGET_NAME)";
				SWIFT_EMIT_LOC_STRINGS = YES;
				SWIFT_VERSION = 5.0;
				TARGETED_DEVICE_FAMILY = "1,2";
			};
			name = Debug;
		};
		E52007A42CD332E6003AF68C /* Release */ = {
			isa = XCBuildConfiguration;
			buildSettings = {
				ASSETCATALOG_COMPILER_APPICON_NAME = AppIcon;
				ASSETCATALOG_COMPILER_GLOBAL_ACCENT_COLOR_NAME = AccentColor;
				CODE_SIGN_STYLE = Automatic;
				CURRENT_PROJECT_VERSION = 1;
				DEVELOPMENT_ASSET_PATHS = "\"TapCalc/Preview Content\"";
				DEVELOPMENT_TEAM = MJX43B6NRW;
				ENABLE_PREVIEWS = YES;
				GENERATE_INFOPLIST_FILE = YES;
				INFOPLIST_FILE = TapCalc/Info.plist;
				INFOPLIST_KEY_UIApplicationSceneManifest_Generation = YES;
				INFOPLIST_KEY_UIApplicationSupportsIndirectInputEvents = YES;
				INFOPLIST_KEY_UILaunchScreen_Generation = YES;
				INFOPLIST_KEY_UIRequiresFullScreen = YES;
				INFOPLIST_KEY_UISupportedInterfaceOrientations = UIInterfaceOrientationPortrait;
				LD_RUNPATH_SEARCH_PATHS = (
					"$(inherited)",
					"@executable_path/Frameworks",
				);
				MARKETING_VERSION = 0.1;
				PRODUCT_BUNDLE_IDENTIFIER = None.TapCalc;
				PRODUCT_NAME = "$(TARGET_NAME)";
				SWIFT_EMIT_LOC_STRINGS = YES;
				SWIFT_VERSION = 5.0;
				TARGETED_DEVICE_FAMILY = "1,2";
			};
			name = Release;
		};
		E52007A62CD332E6003AF68C /* Debug */ = {
			isa = XCBuildConfiguration;
			buildSettings = {
				ALWAYS_EMBED_SWIFT_STANDARD_LIBRARIES = YES;
				BUNDLE_LOADER = "$(TEST_HOST)";
				CODE_SIGN_STYLE = Automatic;
				CURRENT_PROJECT_VERSION = 1;
				DEVELOPMENT_TEAM = MJX43B6NRW;
				GENERATE_INFOPLIST_FILE = YES;
				IPHONEOS_DEPLOYMENT_TARGET = 17.4;
				MARKETING_VERSION = 1.0;
				PRODUCT_BUNDLE_IDENTIFIER = None.TapCalcTests;
				PRODUCT_NAME = "$(TARGET_NAME)";
				SWIFT_EMIT_LOC_STRINGS = NO;
				SWIFT_VERSION = 5.0;
				TARGETED_DEVICE_FAMILY = "1,2";
				TEST_HOST = "$(BUILT_PRODUCTS_DIR)/TapCalc.app/$(BUNDLE_EXECUTABLE_FOLDER_PATH)/TapCalc";
			};
			name = Debug;
		};
		E52007A72CD332E6003AF68C /* Release */ = {
			isa = XCBuildConfiguration;
			buildSettings = {
				ALWAYS_EMBED_SWIFT_STANDARD_LIBRARIES = YES;
				BUNDLE_LOADER = "$(TEST_HOST)";
				CODE_SIGN_STYLE = Automatic;
				CURRENT_PROJECT_VERSION = 1;
				DEVELOPMENT_TEAM = MJX43B6NRW;
				GENERATE_INFOPLIST_FILE = YES;
				IPHONEOS_DEPLOYMENT_TARGET = 17.4;
				MARKETING_VERSION = 1.0;
				PRODUCT_BUNDLE_IDENTIFIER = None.TapCalcTests;
				PRODUCT_NAME = "$(TARGET_NAME)";
				SWIFT_EMIT_LOC_STRINGS = NO;
				SWIFT_VERSION = 5.0;
				TARGETED_DEVICE_FAMILY = "1,2";
				TEST_HOST = "$(BUILT_PRODUCTS_DIR)/TapCalc.app/$(BUNDLE_EXECUTABLE_FOLDER_PATH)/TapCalc";
			};
			name = Release;
		};
		E52007A92CD332E6003AF68C /* Debug */ = {
			isa = XCBuildConfiguration;
			buildSettings = {
				ALWAYS_EMBED_SWIFT_STANDARD_LIBRARIES = YES;
				CODE_SIGN_STYLE = Automatic;
				CURRENT_PROJECT_VERSION = 1;
				DEVELOPMENT_TEAM = MJX43B6NRW;
				GENERATE_INFOPLIST_FILE = YES;
				MARKETING_VERSION = 1.0;
				PRODUCT_BUNDLE_IDENTIFIER = None.TapCalcUITests;
				PRODUCT_NAME = "$(TARGET_NAME)";
				SWIFT_EMIT_LOC_STRINGS = NO;
				SWIFT_VERSION = 5.0;
				TARGETED_DEVICE_FAMILY = "1,2";
				TEST_TARGET_NAME = TapCalc;
			};
			name = Debug;
		};
		E52007AA2CD332E6003AF68C /* Release */ = {
			isa = XCBuildConfiguration;
			buildSettings = {
				ALWAYS_EMBED_SWIFT_STANDARD_LIBRARIES = YES;
				CODE_SIGN_STYLE = Automatic;
				CURRENT_PROJECT_VERSION = 1;
				DEVELOPMENT_TEAM = MJX43B6NRW;
				GENERATE_INFOPLIST_FILE = YES;
				MARKETING_VERSION = 1.0;
				PRODUCT_BUNDLE_IDENTIFIER = None.TapCalcUITests;
				PRODUCT_NAME = "$(TARGET_NAME)";
				SWIFT_EMIT_LOC_STRINGS = NO;
				SWIFT_VERSION = 5.0;
				TARGETED_DEVICE_FAMILY = "1,2";
				TEST_TARGET_NAME = TapCalc;
			};
			name = Release;
		};
/* End XCBuildConfiguration section */

/* Begin XCConfigurationList section */
		E52007792CD332E5003AF68C /* Build configuration list for PBXProject "TapCalc" */ = {
			isa = XCConfigurationList;
			buildConfigurations = (
				E52007A02CD332E6003AF68C /* Debug */,
				E52007A12CD332E6003AF68C /* Release */,
			);
			defaultConfigurationIsVisible = 0;
			defaultConfigurationName = Release;
		};
		E52007A22CD332E6003AF68C /* Build configuration list for PBXNativeTarget "TapCalc" */ = {
			isa = XCConfigurationList;
			buildConfigurations = (
				E52007A32CD332E6003AF68C /* Debug */,
				E52007A42CD332E6003AF68C /* Release */,
			);
			defaultConfigurationIsVisible = 0;
			defaultConfigurationName = Release;
		};
		E52007A52CD332E6003AF68C /* Build configuration list for PBXNativeTarget "TapCalcTests" */ = {
			isa = XCConfigurationList;
			buildConfigurations = (
				E52007A62CD332E6003AF68C /* Debug */,
				E52007A72CD332E6003AF68C /* Release */,
			);
			defaultConfigurationIsVisible = 0;
			defaultConfigurationName = Release;
		};
		E52007A82CD332E6003AF68C /* Build configuration list for PBXNativeTarget "TapCalcUITests" */ = {
			isa = XCConfigurationList;
			buildConfigurations = (
				E52007A92CD332E6003AF68C /* Debug */,
				E52007AA2CD332E6003AF68C /* Release */,
			);
			defaultConfigurationIsVisible = 0;
			defaultConfigurationName = Release;
		};
/* End XCConfigurationList section */
	};
	rootObject = E52007762CD332E5003AF68C /* Project object */;
}
